
Microsoft Visual Studio Solution File, Format Version 12.00
# Visual Studio Version 17
VisualStudioVersion = 17.5.33516.290
MinimumVisualStudioVersion = 10.0.40219.1
Project("{FAE04EC0-301F-11D3-BF4B-00C04F79EFBC}") = "Commons.Mediator", "Commons.Mediator\Commons.Mediator.csproj", "{11092CD2-A00D-419C-9420-44EDCE2D2A04}"
EndProject
Global
	GlobalSection(SolutionConfigurationPlatforms) = preSolution
		Debug|Any CPU = Debug|Any CPU
		Release|Any CPU = Release|Any CPU
	EndGlobalSection
	GlobalSection(ProjectConfigurationPlatforms) = postSolution
		{11092CD2-A00D-419C-9420-44EDCE2D2A04}.Debug|Any CPU.ActiveCfg = Debug|Any CPU
		{11092CD2-A00D-419C-9420-44EDCE2D2A04}.Debug|Any CPU.Build.0 = Debug|Any CPU
		{11092CD2-A00D-419C-9420-44EDCE2D2A04}.Release|Any CPU.ActiveCfg = Release|Any CPU
		{11092CD2-A00D-419C-9420-44EDCE2D2A04}.Release|Any CPU.Build.0 = Release|Any CPU
	EndGlobalSection
	GlobalSection(SolutionProperties) = preSolution
		HideSolutionNode = FALSE
	EndGlobalSection
	GlobalSection(ExtensibilityGlobals) = postSolution
		SolutionGuid = {80DD59FD-8AA8-4646-9295-483BDD489436}
	EndGlobalSection
EndGlobal
